
Microsoft Visual Studio Solution File, Format Version 12.00
# Visual Studio Version 16
VisualStudioVersion = 16.0.32602.291
MinimumVisualStudioVersion = 10.0.40219.1
Project("{FAE04EC0-301F-11D3-BF4B-00C04F79EFBC}") = "DiscordSudoku", "DiscordSudoku\DiscordSudoku.csproj", "{0A99A0BB-6F88-4506-B6B8-6823CD462C55}"
EndProject
Global
	GlobalSection(SolutionConfigurationPlatforms) = preSolution
		Debug|Any CPU = Debug|Any CPU
		Release|Any CPU = Release|Any CPU
	EndGlobalSection
	GlobalSection(ProjectConfigurationPlatforms) = postSolution
		{0A99A0BB-6F88-4506-B6B8-6823CD462C55}.Debug|Any CPU.ActiveCfg = Debug|Any CPU
		{0A99A0BB-6F88-4506-B6B8-6823CD462C55}.Debug|Any CPU.Build.0 = Debug|Any CPU
		{0A99A0BB-6F88-4506-B6B8-6823CD462C55}.Release|Any CPU.ActiveCfg = Release|Any CPU
		{0A99A0BB-6F88-4506-B6B8-6823CD462C55}.Release|Any CPU.Build.0 = Release|Any CPU
	EndGlobalSection
	GlobalSection(SolutionProperties) = preSolution
		HideSolutionNode = FALSE
	EndGlobalSection
	GlobalSection(ExtensibilityGlobals) = postSolution
		SolutionGuid = {0865EC0D-8817-4058-8D88-386A16F6DAD0}
	EndGlobalSection
EndGlobal
